// !$*UTF8*$!
{
	archiveVersion = 1;
	classes = {
	};
	objectVersion = 50;
	objects = {

/* Begin PBXBuildFile section */
		B1A72AA425268C3D001FB445 /* AppDelegate.swift in Sources */ = {isa = PBXBuildFile; fileRef = B1A72AA325268C3D001FB445 /* AppDelegate.swift */; };
		B1A72AA625268C3D001FB445 /* SceneDelegate.swift in Sources */ = {isa = PBXBuildFile; fileRef = B1A72AA525268C3D001FB445 /* SceneDelegate.swift */; };
		B1A72AA825268C3D001FB445 /* ViewController.swift in Sources */ = {isa = PBXBuildFile; fileRef = B1A72AA725268C3D001FB445 /* ViewController.swift */; };
		B1A72AAB25268C3D001FB445 /* Main.storyboard in Resources */ = {isa = PBXBuildFile; fileRef = B1A72AA925268C3D001FB445 /* Main.storyboard */; };
		B1A72AAD25268C3F001FB445 /* Assets.xcassets in Resources */ = {isa = PBXBuildFile; fileRef = B1A72AAC25268C3F001FB445 /* Assets.xcassets */; };
		B1A72AB025268C3F001FB445 /* LaunchScreen.storyboard in Resources */ = {isa = PBXBuildFile; fileRef = B1A72AAE25268C3F001FB445 /* LaunchScreen.storyboard */; };
		B1A72ABB25268C3F001FB445 /* collectionViewDemoTests.swift in Sources */ = {isa = PBXBuildFile; fileRef = B1A72ABA25268C3F001FB445 /* collectionViewDemoTests.swift */; };
		B1A72AC625268C3F001FB445 /* collectionViewDemoUITests.swift in Sources */ = {isa = PBXBuildFile; fileRef = B1A72AC525268C3F001FB445 /* collectionViewDemoUITests.swift */; };
/* End PBXBuildFile section */

/* Begin PBXContainerItemProxy section */
		B1A72AB725268C3F001FB445 /* PBXContainerItemProxy */ = {
			isa = PBXContainerItemProxy;
			containerPortal = B1A72A9825268C3D001FB445 /* Project object */;
			proxyType = 1;
			remoteGlobalIDString = B1A72A9F25268C3D001FB445;
			remoteInfo = collectionViewDemo;
		};
		B1A72AC225268C3F001FB445 /* PBXContainerItemProxy */ = {
			isa = PBXContainerItemProxy;
			containerPortal = B1A72A9825268C3D001FB445 /* Project object */;
			proxyType = 1;
			remoteGlobalIDString = B1A72A9F25268C3D001FB445;
			remoteInfo = collectionViewDemo;
		};
/* End PBXContainerItemProxy section */

/* Begin PBXFileReference section */
		B1A72AA025268C3D001FB445 /* collectionViewDemo.app */ = {isa = PBXFileReference; explicitFileType = wrapper.application; includeInIndex = 0; path = collectionViewDemo.app; sourceTree = BUILT_PRODUCTS_DIR; };
		B1A72AA325268C3D001FB445 /* AppDelegate.swift */ = {isa = PBXFileReference; lastKnownFileType = sourcecode.swift; path = AppDelegate.swift; sourceTree = "<group>"; };
		B1A72AA525268C3D001FB445 /* SceneDelegate.swift */ = {isa = PBXFileReference; lastKnownFileType = sourcecode.swift; path = SceneDelegate.swift; sourceTree = "<group>"; };
		B1A72AA725268C3D001FB445 /* ViewController.swift */ = {isa = PBXFileReference; lastKnownFileType = sourcecode.swift; path = ViewController.swift; sourceTree = "<group>"; };
		B1A72AAA25268C3D001FB445 /* Base */ = {isa = PBXFileReference; lastKnownFileType = file.storyboard; name = Base; path = Base.lproj/Main.storyboard; sourceTree = "<group>"; };
		B1A72AAC25268C3F001FB445 /* Assets.xcassets */ = {isa = PBXFileReference; lastKnownFileType = folder.assetcatalog; path = Assets.xcassets; sourceTree = "<group>"; };
		B1A72AAF25268C3F001FB445 /* Base */ = {isa = PBXFileReference; lastKnownFileType = file.storyboard; name = Base; path = Base.lproj/LaunchScreen.storyboard; sourceTree = "<group>"; };
		B1A72AB125268C3F001FB445 /* Info.plist */ = {isa = PBXFileReference; lastKnownFileType = text.plist.xml; path = Info.plist; sourceTree = "<group>"; };
		B1A72AB625268C3F001FB445 /* collectionViewDemoTests.xctest */ = {isa = PBXFileReference; explicitFileType = wrapper.cfbundle; includeInIndex = 0; path = collectionViewDemoTests.xctest; sourceTree = BUILT_PRODUCTS_DIR; };
		B1A72ABA25268C3F001FB445 /* collectionViewDemoTests.swift */ = {isa = PBXFileReference; lastKnownFileType = sourcecode.swift; path = collectionViewDemoTests.swift; sourceTree = "<group>"; };
		B1A72ABC25268C3F001FB445 /* Info.plist */ = {isa = PBXFileReference; lastKnownFileType = text.plist.xml; path = Info.plist; sourceTree = "<group>"; };
		B1A72AC125268C3F001FB445 /* collectionViewDemoUITests.xctest */ = {isa = PBXFileReference; explicitFileType = wrapper.cfbundle; includeInIndex = 0; path = collectionViewDemoUITests.xctest; sourceTree = BUILT_PRODUCTS_DIR; };
		B1A72AC525268C3F001FB445 /* collectionViewDemoUITests.swift */ = {isa = PBXFileReference; lastKnownFileType = sourcecode.swift; path = collectionViewDemoUITests.swift; sourceTree = "<group>"; };
		B1A72AC725268C3F001FB445 /* Info.plist */ = {isa = PBXFileReference; lastKnownFileType = text.plist.xml; path = Info.plist; sourceTree = "<group>"; };
/* End PBXFileReference section */

/* Begin PBXFrameworksBuildPhase section */
		B1A72A9D25268C3D001FB445 /* Frameworks */ = {
			isa = PBXFrameworksBuildPhase;
			buildActionMask = 2147483647;
			files = (
			);
			runOnlyForDeploymentPostprocessing = 0;
		};
		B1A72AB325268C3F001FB445 /* Frameworks */ = {
			isa = PBXFrameworksBuildPhase;
			buildActionMask = 2147483647;
			files = (
			);
			runOnlyForDeploymentPostprocessing = 0;
		};
		B1A72ABE25268C3F001FB445 /* Frameworks */ = {
			isa = PBXFrameworksBuildPhase;
			buildActionMask = 2147483647;
			files = (
			);
			runOnlyForDeploymentPostprocessing = 0;
		};
/* End PBXFrameworksBuildPhase section */

/* Begin PBXGroup section */
		B1A72A9725268C3D001FB445 = {
			isa = PBXGroup;
			children = (
				B1A72AA225268C3D001FB445 /* collectionViewDemo */,
				B1A72AB925268C3F001FB445 /* collectionViewDemoTests */,
				B1A72AC425268C3F001FB445 /* collectionViewDemoUITests */,
				B1A72AA125268C3D001FB445 /* Products */,
			);
			sourceTree = "<group>";
		};
		B1A72AA125268C3D001FB445 /* Products */ = {
			isa = PBXGroup;
			children = (
				B1A72AA025268C3D001FB445 /* collectionViewDemo.app */,
				B1A72AB625268C3F001FB445 /* collectionViewDemoTests.xctest */,
				B1A72AC125268C3F001FB445 /* collectionViewDemoUITests.xctest */,
			);
			name = Products;
			sourceTree = "<group>";
		};
		B1A72AA225268C3D001FB445 /* collectionViewDemo */ = {
			isa = PBXGroup;
			children = (
				B1A72AA325268C3D001FB445 /* AppDelegate.swift */,
				B1A72AA525268C3D001FB445 /* SceneDelegate.swift */,
				B1A72AA725268C3D001FB445 /* ViewController.swift */,
				B1A72AA925268C3D001FB445 /* Main.storyboard */,
				B1A72AAC25268C3F001FB445 /* Assets.xcassets */,
				B1A72AAE25268C3F001FB445 /* LaunchScreen.storyboard */,
				B1A72AB125268C3F001FB445 /* Info.plist */,
			);
			path = collectionViewDemo;
			sourceTree = "<group>";
		};
		B1A72AB925268C3F001FB445 /* collectionViewDemoTests */ = {
			isa = PBXGroup;
			children = (
				B1A72ABA25268C3F001FB445 /* collectionViewDemoTests.swift */,
				B1A72ABC25268C3F001FB445 /* Info.plist */,
			);
			path = collectionViewDemoTests;
			sourceTree = "<group>";
		};
		B1A72AC425268C3F001FB445 /* collectionViewDemoUITests */ = {
			isa = PBXGroup;
			children = (
				B1A72AC525268C3F001FB445 /* collectionViewDemoUITests.swift */,
				B1A72AC725268C3F001FB445 /* Info.plist */,
			);
			path = collectionViewDemoUITests;
			sourceTree = "<group>";
		};
/* End PBXGroup section */

/* Begin PBXNativeTarget section */
		B1A72A9F25268C3D001FB445 /* collectionViewDemo */ = {
			isa = PBXNativeTarget;
			buildConfigurationList = B1A72ACA25268C3F001FB445 /* Build configuration list for PBXNativeTarget "collectionViewDemo" */;
			buildPhases = (
				B1A72A9C25268C3D001FB445 /* Sources */,
				B1A72A9D25268C3D001FB445 /* Frameworks */,
				B1A72A9E25268C3D001FB445 /* Resources */,
			);
			buildRules = (
			);
			dependencies = (
			);
			name = collectionViewDemo;
			productName = collectionViewDemo;
			productReference = B1A72AA025268C3D001FB445 /* collectionViewDemo.app */;
			productType = "com.apple.product-type.application";
		};
		B1A72AB525268C3F001FB445 /* collectionViewDemoTests */ = {
			isa = PBXNativeTarget;
			buildConfigurationList = B1A72ACD25268C3F001FB445 /* Build configuration list for PBXNativeTarget "collectionViewDemoTests" */;
			buildPhases = (
				B1A72AB225268C3F001FB445 /* Sources */,
				B1A72AB325268C3F001FB445 /* Frameworks */,
				B1A72AB425268C3F001FB445 /* Resources */,
			);
			buildRules = (
			);
			dependencies = (
				B1A72AB825268C3F001FB445 /* PBXTargetDependency */,
			);
			name = collectionViewDemoTests;
			productName = collectionViewDemoTests;
			productReference = B1A72AB625268C3F001FB445 /* collectionViewDemoTests.xctest */;
			productType = "com.apple.product-type.bundle.unit-test";
		};
		B1A72AC025268C3F001FB445 /* collectionViewDemoUITests */ = {
			isa = PBXNativeTarget;
			buildConfigurationList = B1A72AD025268C3F001FB445 /* Build configuration list for PBXNativeTarget "collectionViewDemoUITests" */;
			buildPhases = (
				B1A72ABD25268C3F001FB445 /* Sources */,
				B1A72ABE25268C3F001FB445 /* Frameworks */,
				B1A72ABF25268C3F001FB445 /* Resources */,
			);
			buildRules = (
			);
			dependencies = (
				B1A72AC325268C3F001FB445 /* PBXTargetDependency */,
			);
			name = collectionViewDemoUITests;
			productName = collectionViewDemoUITests;
			productReference = B1A72AC125268C3F001FB445 /* collectionViewDemoUITests.xctest */;
			productType = "com.apple.product-type.bundle.ui-testing";
		};
/* End PBXNativeTarget section */

/* Begin PBXProject section */
		B1A72A9825268C3D001FB445 /* Project object */ = {
			isa = PBXProject;
			attributes = {
				LastSwiftUpdateCheck = 1150;
				LastUpgradeCheck = 1150;
				ORGANIZATIONNAME = "Benjamin Hillard";
				TargetAttributes = {
					B1A72A9F25268C3D001FB445 = {
						CreatedOnToolsVersion = 11.5;
					};
					B1A72AB525268C3F001FB445 = {
						CreatedOnToolsVersion = 11.5;
						TestTargetID = B1A72A9F25268C3D001FB445;
					};
					B1A72AC025268C3F001FB445 = {
						CreatedOnToolsVersion = 11.5;
						TestTargetID = B1A72A9F25268C3D001FB445;
					};
				};
			};
			buildConfigurationList = B1A72A9B25268C3D001FB445 /* Build configuration list for PBXProject "collectionViewDemo" */;
			compatibilityVersion = "Xcode 9.3";
			developmentRegion = en;
			hasScannedForEncodings = 0;
			knownRegions = (
				en,
				Base,
			);
			mainGroup = B1A72A9725268C3D001FB445;
			productRefGroup = B1A72AA125268C3D001FB445 /* Products */;
			projectDirPath = "";
			projectRoot = "";
			targets = (
				B1A72A9F25268C3D001FB445 /* collectionViewDemo */,
				B1A72AB525268C3F001FB445 /* collectionViewDemoTests */,
				B1A72AC025268C3F001FB445 /* collectionViewDemoUITests */,
			);
		};
/* End PBXProject section */

/* Begin PBXResourcesBuildPhase section */
		B1A72A9E25268C3D001FB445 /* Resources */ = {
			isa = PBXResourcesBuildPhase;
			buildActionMask = 2147483647;
			files = (
				B1A72AB025268C3F001FB445 /* LaunchScreen.storyboard in Resources */,
				B1A72AAD25268C3F001FB445 /* Assets.xcassets in Resources */,
				B1A72AAB25268C3D001FB445 /* Main.storyboard in Resources */,
			);
			runOnlyForDeploymentPostprocessing = 0;
		};
		B1A72AB425268C3F001FB445 /* Resources */ = {
			isa = PBXResourcesBuildPhase;
			buildActionMask = 2147483647;
			files = (
			);
			runOnlyForDeploymentPostprocessing = 0;
		};
		B1A72ABF25268C3F001FB445 /* Resources */ = {
			isa = PBXResourcesBuildPhase;
			buildActionMask = 2147483647;
			files = (
			);
			runOnlyForDeploymentPostprocessing = 0;
		};
/* End PBXResourcesBuildPhase section */

/* Begin PBXSourcesBuildPhase section */
		B1A72A9C25268C3D001FB445 /* Sources */ = {
			isa = PBXSourcesBuildPhase;
			buildActionMask = 2147483647;
			files = (
				B1A72AA825268C3D001FB445 /* ViewController.swift in Sources */,
				B1A72AA425268C3D001FB445 /* AppDelegate.swift in Sources */,
				B1A72AA625268C3D001FB445 /* SceneDelegate.swift in Sources */,
			);
			runOnlyForDeploymentPostprocessing = 0;
		};
		B1A72AB225268C3F001FB445 /* Sources */ = {
			isa = PBXSourcesBuildPhase;
			buildActionMask = 2147483647;
			files = (
				B1A72ABB25268C3F001FB445 /* collectionViewDemoTests.swift in Sources */,
			);
			runOnlyForDeploymentPostprocessing = 0;
		};
		B1A72ABD25268C3F001FB445 /* Sources */ = {
			isa = PBXSourcesBuildPhase;
			buildActionMask = 2147483647;
			files = (
				B1A72AC625268C3F001FB445 /* collectionViewDemoUITests.swift in Sources */,
			);
			runOnlyForDeploymentPostprocessing = 0;
		};
/* End PBXSourcesBuildPhase section */

/* Begin PBXTargetDependency section */
		B1A72AB825268C3F001FB445 /* PBXTargetDependency */ = {
			isa = PBXTargetDependency;
			target = B1A72A9F25268C3D001FB445 /* collectionViewDemo */;
			targetProxy = B1A72AB725268C3F001FB445 /* PBXContainerItemProxy */;
		};
		B1A72AC325268C3F001FB445 /* PBXTargetDependency */ = {
			isa = PBXTargetDependency;
			target = B1A72A9F25268C3D001FB445 /* collectionViewDemo */;
			targetProxy = B1A72AC225268C3F001FB445 /* PBXContainerItemProxy */;
		};
/* End PBXTargetDependency section */

/* Begin PBXVariantGroup section */
		B1A72AA925268C3D001FB445 /* Main.storyboard */ = {
			isa = PBXVariantGroup;
			children = (
				B1A72AAA25268C3D001FB445 /* Base */,
			);
			name = Main.storyboard;
			sourceTree = "<group>";
		};
		B1A72AAE25268C3F001FB445 /* LaunchScreen.storyboard */ = {
			isa = PBXVariantGroup;
			children = (
				B1A72AAF25268C3F001FB445 /* Base */,
			);
			name = LaunchScreen.storyboard;
			sourceTree = "<group>";
		};
/* End PBXVariantGroup section */

/* Begin XCBuildConfiguration section */
		B1A72AC825268C3F001FB445 /* Debug */ = {
			isa = XCBuildConfiguration;
			buildSettings = {
				ALWAYS_SEARCH_USER_PATHS = NO;
				CLANG_ANALYZER_NONNULL = YES;
				CLANG_ANALYZER_NUMBER_OBJECT_CONVERSION = YES_AGGRESSIVE;
				CLANG_CXX_LANGUAGE_STANDARD = "gnu++14";
				CLANG_CXX_LIBRARY = "libc++";
				CLANG_ENABLE_MODULES = YES;
				CLANG_ENABLE_OBJC_ARC = YES;
				CLANG_ENABLE_OBJC_WEAK = YES;
				CLANG_WARN_BLOCK_CAPTURE_AUTORELEASING = YES;
				CLANG_WARN_BOOL_CONVERSION = YES;
				CLANG_WARN_COMMA = YES;
				CLANG_WARN_CONSTANT_CONVERSION = YES;
				CLANG_WARN_DEPRECATED_OBJC_IMPLEMENTATIONS = YES;
				CLANG_WARN_DIRECT_OBJC_ISA_USAGE = YES_ERROR;
				CLANG_WARN_DOCUMENTATION_COMMENTS = YES;
				CLANG_WARN_EMPTY_BODY = YES;
				CLANG_WARN_ENUM_CONVERSION = YES;
				CLANG_WARN_INFINITE_RECURSION = YES;
				CLANG_WARN_INT_CONVERSION = YES;
				CLANG_WARN_NON_LITERAL_NULL_CONVERSION = YES;
				CLANG_WARN_OBJC_IMPLICIT_RETAIN_SELF = YES;
				CLANG_WARN_OBJC_LITERAL_CONVERSION = YES;
				CLANG_WARN_OBJC_ROOT_CLASS = YES_ERROR;
				CLANG_WARN_RANGE_LOOP_ANALYSIS = YES;
				CLANG_WARN_STRICT_PROTOTYPES = YES;
				CLANG_WARN_SUSPICIOUS_MOVE = YES;
				CLANG_WARN_UNGUARDED_AVAILABILITY = YES_AGGRESSIVE;
				CLANG_WARN_UNREACHABLE_CODE = YES;
				CLANG_WARN__DUPLICATE_METHOD_MATCH = YES;
				COPY_PHASE_STRIP = NO;
				DEBUG_INFORMATION_FORMAT = dwarf;
				ENABLE_STRICT_OBJC_MSGSEND = YES;
				ENABLE_TESTABILITY = YES;
				GCC_C_LANGUAGE_STANDARD = gnu11;
				GCC_DYNAMIC_NO_PIC = NO;
				GCC_NO_COMMON_BLOCKS = YES;
				GCC_OPTIMIZATION_LEVEL = 0;
				GCC_PREPROCESSOR_DEFINITIONS = (
					"DEBUG=1",
					"$(inherited)",
				);
				GCC_WARN_64_TO_32_BIT_CONVERSION = YES;
				GCC_WARN_ABOUT_RETURN_TYPE = YES_ERROR;
				GCC_WARN_UNDECLARED_SELECTOR = YES;
				GCC_WARN_UNINITIALIZED_AUTOS = YES_AGGRESSIVE;
				GCC_WARN_UNUSED_FUNCTION = YES;
				GCC_WARN_UNUSED_VARIABLE = YES;
				IPHONEOS_DEPLOYMENT_TARGET = 13.5;
				MTL_ENABLE_DEBUG_INFO = INCLUDE_SOURCE;
				MTL_FAST_MATH = YES;
				ONLY_ACTIVE_ARCH = YES;
				SDKROOT = iphoneos;
				SWIFT_ACTIVE_COMPILATION_CONDITIONS = DEBUG;
				SWIFT_OPTIMIZATION_LEVEL = "-Onone";
			};
			name = Debug;
		};
		B1A72AC925268C3F001FB445 /* Release */ = {
			isa = XCBuildConfiguration;
			buildSettings = {
				ALWAYS_SEARCH_USER_PATHS = NO;
				CLANG_ANALYZER_NONNULL = YES;
				CLANG_ANALYZER_NUMBER_OBJECT_CONVERSION = YES_AGGRESSIVE;
				CLANG_CXX_LANGUAGE_STANDARD = "gnu++14";
				CLANG_CXX_LIBRARY = "libc++";
				CLANG_ENABLE_MODULES = YES;
				CLANG_ENABLE_OBJC_ARC = YES;
				CLANG_ENABLE_OBJC_WEAK = YES;
				CLANG_WARN_BLOCK_CAPTURE_AUTORELEASING = YES;
				CLANG_WARN_BOOL_CONVERSION = YES;
				CLANG_WARN_COMMA = YES;
				CLANG_WARN_CONSTANT_CONVERSION = YES;
				CLANG_WARN_DEPRECATED_OBJC_IMPLEMENTATIONS = YES;
				CLANG_WARN_DIRECT_OBJC_ISA_USAGE = YES_ERROR;
				CLANG_WARN_DOCUMENTATION_COMMENTS = YES;
				CLANG_WARN_EMPTY_BODY = YES;
				CLANG_WARN_ENUM_CONVERSION = YES;
				CLANG_WARN_INFINITE_RECURSION = YES;
				CLANG_WARN_INT_CONVERSION = YES;
				CLANG_WARN_NON_LITERAL_NULL_CONVERSION = YES;
				CLANG_WARN_OBJC_IMPLICIT_RETAIN_SELF = YES;
				CLANG_WARN_OBJC_LITERAL_CONVERSION = YES;
				CLANG_WARN_OBJC_ROOT_CLASS = YES_ERROR;
				CLANG_WARN_RANGE_LOOP_ANALYSIS = YES;
				CLANG_WARN_STRICT_PROTOTYPES = YES;
				CLANG_WARN_SUSPICIOUS_MOVE = YES;
				CLANG_WARN_UNGUARDED_AVAILABILITY = YES_AGGRESSIVE;
				CLANG_WARN_UNREACHABLE_CODE = YES;
				CLANG_WARN__DUPLICATE_METHOD_MATCH = YES;
				COPY_PHASE_STRIP = NO;
				DEBUG_INFORMATION_FORMAT = "dwarf-with-dsym";
				ENABLE_NS_ASSERTIONS = NO;
				ENABLE_STRICT_OBJC_MSGSEND = YES;
				GCC_C_LANGUAGE_STANDARD = gnu11;
				GCC_NO_COMMON_BLOCKS = YES;
				GCC_WARN_64_TO_32_BIT_CONVERSION = YES;
				GCC_WARN_ABOUT_RETURN_TYPE = YES_ERROR;
				GCC_WARN_UNDECLARED_SELECTOR = YES;
				GCC_WARN_UNINITIALIZED_AUTOS = YES_AGGRESSIVE;
				GCC_WARN_UNUSED_FUNCTION = YES;
				GCC_WARN_UNUSED_VARIABLE = YES;
				IPHONEOS_DEPLOYMENT_TARGET = 13.5;
				MTL_ENABLE_DEBUG_INFO = NO;
				MTL_FAST_MATH = YES;
				SDKROOT = iphoneos;
				SWIFT_COMPILATION_MODE = wholemodule;
				SWIFT_OPTIMIZATION_LEVEL = "-O";
				VALIDATE_PRODUCT = YES;
			};
			name = Release;
		};
		B1A72ACB25268C3F001FB445 /* Debug */ = {
			isa = XCBuildConfiguration;
			buildSettings = {
				ASSETCATALOG_COMPILER_APPICON_NAME = AppIcon;
				CODE_SIGN_STYLE = Automatic;
				INFOPLIST_FILE = collectionViewDemo/Info.plist;
				LD_RUNPATH_SEARCH_PATHS = (
					"$(inherited)",
					"@executable_path/Frameworks",
				);
				PRODUCT_BUNDLE_IDENTIFIER = umass.collectionViewDemo;
				PRODUCT_NAME = "$(TARGET_NAME)";
				SWIFT_VERSION = 5.0;
				TARGETED_DEVICE_FAMILY = "1,2";
			};
			name = Debug;
		};
		B1A72ACC25268C3F001FB445 /* Release */ = {
			isa = XCBuildConfiguration;
			buildSettings = {
				ASSETCATALOG_COMPILER_APPICON_NAME = AppIcon;
				CODE_SIGN_STYLE = Automatic;
				INFOPLIST_FILE = collectionViewDemo/Info.plist;
				LD_RUNPATH_SEARCH_PATHS = (
					"$(inherited)",
					"@executable_path/Frameworks",
				);
				PRODUCT_BUNDLE_IDENTIFIER = umass.collectionViewDemo;
				PRODUCT_NAME = "$(TARGET_NAME)";
				SWIFT_VERSION = 5.0;
				TARGETED_DEVICE_FAMILY = "1,2";
			};
			name = Release;
		};
		B1A72ACE25268C3F001FB445 /* Debug */ = {
			isa = XCBuildConfiguration;
			buildSettings = {
				ALWAYS_EMBED_SWIFT_STANDARD_LIBRARIES = YES;
				BUNDLE_LOADER = "$(TEST_HOST)";
				CODE_SIGN_STYLE = Automatic;
				INFOPLIST_FILE = collectionViewDemoTests/Info.plist;
				IPHONEOS_DEPLOYMENT_TARGET = 13.5;
				LD_RUNPATH_SEARCH_PATHS = (
					"$(inherited)",
					"@executable_path/Frameworks",
					"@loader_path/Frameworks",
				);
				PRODUCT_BUNDLE_IDENTIFIER = umass.collectionViewDemoTests;
				PRODUCT_NAME = "$(TARGET_NAME)";
				SWIFT_VERSION = 5.0;
				TARGETED_DEVICE_FAMILY = "1,2";
				TEST_HOST = "$(BUILT_PRODUCTS_DIR)/collectionViewDemo.app/collectionViewDemo";
			};
			name = Debug;
		};
		B1A72ACF25268C3F001FB445 /* Release */ = {
			isa = XCBuildConfiguration;
			buildSettings = {
				ALWAYS_EMBED_SWIFT_STANDARD_LIBRARIES = YES;
				BUNDLE_LOADER = "$(TEST_HOST)";
				CODE_SIGN_STYLE = Automatic;
				INFOPLIST_FILE = collectionViewDemoTests/Info.plist;
				IPHONEOS_DEPLOYMENT_TARGET = 13.5;
				LD_RUNPATH_SEARCH_PATHS = (
					"$(inherited)",
					"@executable_path/Frameworks",
					"@loader_path/Frameworks",
				);
				PRODUCT_BUNDLE_IDENTIFIER = umass.collectionViewDemoTests;
				PRODUCT_NAME = "$(TARGET_NAME)";
				SWIFT_VERSION = 5.0;
				TARGETED_DEVICE_FAMILY = "1,2";
				TEST_HOST = "$(BUILT_PRODUCTS_DIR)/collectionViewDemo.app/collectionViewDemo";
			};
			name = Release;
		};
		B1A72AD125268C3F001FB445 /* Debug */ = {
			isa = XCBuildConfiguration;
			buildSettings = {
				ALWAYS_EMBED_SWIFT_STANDARD_LIBRARIES = YES;
				CODE_SIGN_STYLE = Automatic;
				INFOPLIST_FILE = collectionViewDemoUITests/Info.plist;
				LD_RUNPATH_SEARCH_PATHS = (
					"$(inherited)",
					"@executable_path/Frameworks",
					"@loader_path/Frameworks",
				);
				PRODUCT_BUNDLE_IDENTIFIER = umass.collectionViewDemoUITests;
				PRODUCT_NAME = "$(TARGET_NAME)";
				SWIFT_VERSION = 5.0;
				TARGETED_DEVICE_FAMILY = "1,2";
				TEST_TARGET_NAME = collectionViewDemo;
			};
			name = Debug;
		};
		B1A72AD225268C3F001FB445 /* Release */ = {
			isa = XCBuildConfiguration;
			buildSettings = {
				ALWAYS_EMBED_SWIFT_STANDARD_LIBRARIES = YES;
				CODE_SIGN_STYLE = Automatic;
				INFOPLIST_FILE = collectionViewDemoUITests/Info.plist;
				LD_RUNPATH_SEARCH_PATHS = (
					"$(inherited)",
					"@executable_path/Frameworks",
					"@loader_path/Frameworks",
				);
				PRODUCT_BUNDLE_IDENTIFIER = umass.collectionViewDemoUITests;
				PRODUCT_NAME = "$(TARGET_NAME)";
				SWIFT_VERSION = 5.0;
				TARGETED_DEVICE_FAMILY = "1,2";
				TEST_TARGET_NAME = collectionViewDemo;
			};
			name = Release;
		};
/* End XCBuildConfiguration section */

/* Begin XCConfigurationList section */
		B1A72A9B25268C3D001FB445 /* Build configuration list for PBXProject "collectionViewDemo" */ = {
			isa = XCConfigurationList;
			buildConfigurations = (
				B1A72AC825268C3F001FB445 /* Debug */,
				B1A72AC925268C3F001FB445 /* Release */,
			);
			defaultConfigurationIsVisible = 0;
			defaultConfigurationName = Release;
		};
		B1A72ACA25268C3F001FB445 /* Build configuration list for PBXNativeTarget "collectionViewDemo" */ = {
			isa = XCConfigurationList;
			buildConfigurations = (
				B1A72ACB25268C3F001FB445 /* Debug */,
				B1A72ACC25268C3F001FB445 /* Release */,
			);
			defaultConfigurationIsVisible = 0;
			defaultConfigurationName = Release;
		};
		B1A72ACD25268C3F001FB445 /* Build configuration list for PBXNativeTarget "collectionViewDemoTests" */ = {
			isa = XCConfigurationList;
			buildConfigurations = (
				B1A72ACE25268C3F001FB445 /* Debug */,
				B1A72ACF25268C3F001FB445 /* Release */,
			);
			defaultConfigurationIsVisible = 0;
			defaultConfigurationName = Release;
		};
		B1A72AD025268C3F001FB445 /* Build configuration list for PBXNativeTarget "collectionViewDemoUITests" */ = {
			isa = XCConfigurationList;
			buildConfigurations = (
				B1A72AD125268C3F001FB445 /* Debug */,
				B1A72AD225268C3F001FB445 /* Release */,
			);
			defaultConfigurationIsVisible = 0;
			defaultConfigurationName = Release;
		};
/* End XCConfigurationList section */
	};
	rootObject = B1A72A9825268C3D001FB445 /* Project object */;
}
